{
  "name": "@lenso/auth-workers",
  "version": "0.1.0",
  "lockfileVersion": 3,
  "requires": true,
  "packages": {
    "": {
      "name": "@lenso/auth-workers",
      "version": "0.1.0",
      "devDependencies": {
        "@lenso/workers-runtime": "0.1.0"
      }
    },
    "node_modules/@lenso/workers-runtime": {
      "version": "0.1.0",
      "resolved": "https://registry.npmjs.org/@lenso/workers-runtime/-/workers-runtime-0.1.0.tgz",
      "integrity": "sha512-PhtWSmAozZfkPtyyG7nWfoBNzS9pgn2i+9+PitzMKzb3c43gpuD+gilY4220nYl6LBXLYZX4nGt/2bKfcW1Erg==",
      "dev": true,
      "license": "MIT",
      "bin": {
        "lenso-workers-build": "build.mjs"
      },
      "engines": {
        "node": ">=22"
      }
    }
  }
}
